
Microsoft Visual Studio Solution File, Format Version 12.00
# Visual Studio Version 16
VisualStudioVersion = 16.0.30907.101
MinimumVisualStudioVersion = 10.0.40219.1
Project("{FAE04EC0-301F-11D3-BF4B-00C04F79EFBC}") = "Laba_2", "Laba_2\Laba_2.csproj", "{E45F18A4-C083-46E9-A680-6438AC82784A}"
EndProject
Global
	GlobalSection(SolutionConfigurationPlatforms) = preSolution
		Debug|Any CPU = Debug|Any CPU
		Release|Any CPU = Release|Any CPU
	EndGlobalSection
	GlobalSection(ProjectConfigurationPlatforms) = postSolution
		{E45F18A4-C083-46E9-A680-6438AC82784A}.Debug|Any CPU.ActiveCfg = Debug|Any CPU
		{E45F18A4-C083-46E9-A680-6438AC82784A}.Debug|Any CPU.Build.0 = Debug|Any CPU
		{E45F18A4-C083-46E9-A680-6438AC82784A}.Release|Any CPU.ActiveCfg = Release|Any CPU
		{E45F18A4-C083-46E9-A680-6438AC82784A}.Release|Any CPU.Build.0 = Release|Any CPU
	EndGlobalSection
	GlobalSection(SolutionProperties) = preSolution
		HideSolutionNode = FALSE
	EndGlobalSection
	GlobalSection(ExtensibilityGlobals) = postSolution
		SolutionGuid = {6D4D5FD3-03FD-4FC0-BDE0-BAB0594CABD4}
	EndGlobalSection
EndGlobal
